
Microsoft Visual Studio Solution File, Format Version 12.00
# Visual Studio Version 16
VisualStudioVersion = 16.0.31321.278
MinimumVisualStudioVersion = 10.0.40219.1
Project("{FAE04EC0-301F-11D3-BF4B-00C04F79EFBC}") = "Singleton.Test.Bad", "Singleton.Test\Singleton.Test.Bad.csproj", "{FBB7A280-2575-497E-B9C8-B033794D1022}"
EndProject
Project("{FAE04EC0-301F-11D3-BF4B-00C04F79EFBC}") = "Singleton.Test.OK", "Singleton.Test.Parallel\Singleton.Test.OK.csproj", "{2CCA0CD7-45B1-4FEB-966C-31C77BE2F916}"
EndProject
Global
	GlobalSection(SolutionConfigurationPlatforms) = preSolution
		Debug|Any CPU = Debug|Any CPU
		Release|Any CPU = Release|Any CPU
	EndGlobalSection
	GlobalSection(ProjectConfigurationPlatforms) = postSolution
		{FBB7A280-2575-497E-B9C8-B033794D1022}.Debug|Any CPU.ActiveCfg = Debug|Any CPU
		{FBB7A280-2575-497E-B9C8-B033794D1022}.Debug|Any CPU.Build.0 = Debug|Any CPU
		{FBB7A280-2575-497E-B9C8-B033794D1022}.Release|Any CPU.ActiveCfg = Release|Any CPU
		{FBB7A280-2575-497E-B9C8-B033794D1022}.Release|Any CPU.Build.0 = Release|Any CPU
		{2CCA0CD7-45B1-4FEB-966C-31C77BE2F916}.Debug|Any CPU.ActiveCfg = Debug|Any CPU
		{2CCA0CD7-45B1-4FEB-966C-31C77BE2F916}.Debug|Any CPU.Build.0 = Debug|Any CPU
		{2CCA0CD7-45B1-4FEB-966C-31C77BE2F916}.Release|Any CPU.ActiveCfg = Release|Any CPU
		{2CCA0CD7-45B1-4FEB-966C-31C77BE2F916}.Release|Any CPU.Build.0 = Release|Any CPU
	EndGlobalSection
	GlobalSection(SolutionProperties) = preSolution
		HideSolutionNode = FALSE
	EndGlobalSection
	GlobalSection(ExtensibilityGlobals) = postSolution
		SolutionGuid = {0E484679-FDC7-41D1-A945-6EBFB0936320}
	EndGlobalSection
EndGlobal
